
Microsoft Visual Studio Solution File, Format Version 12.00
# Visual Studio 15
VisualStudioVersion = 15.0.27703.2000
MinimumVisualStudioVersion = 10.0.40219.1
Project("{9A19103F-16F7-4668-BE54-9A1E7A4F7556}") = "CSharp.7_3.Features", "CSharp.7_3.Features\CSharp.7_3.Features.csproj", "{8AB4C7DB-02DB-4D5F-AD99-3610E9528CE3}"
EndProject
Project("{FAE04EC0-301F-11D3-BF4B-00C04F79EFBC}") = "CSharp.7_3.Features.Benchmark", "CSharp.7_3.Features.Benchmark\CSharp.7_3.Features.Benchmark.csproj", "{7746C059-DA11-4495-879E-089287D99D12}"
EndProject
Project("{FAE04EC0-301F-11D3-BF4B-00C04F79EFBC}") = "CSharp.7_3.Features_461", "CSharp.7_3.Features_461\CSharp.7_3.Features_461.csproj", "{E5208EF8-FCAA-486D-AB86-D2EF3FCADBE5}"
EndProject
Global
	GlobalSection(SolutionConfigurationPlatforms) = preSolution
		Debug|Any CPU = Debug|Any CPU
		Release|Any CPU = Release|Any CPU
	EndGlobalSection
	GlobalSection(ProjectConfigurationPlatforms) = postSolution
		{8AB4C7DB-02DB-4D5F-AD99-3610E9528CE3}.Debug|Any CPU.ActiveCfg = Debug|Any CPU
		{8AB4C7DB-02DB-4D5F-AD99-3610E9528CE3}.Debug|Any CPU.Build.0 = Debug|Any CPU
		{8AB4C7DB-02DB-4D5F-AD99-3610E9528CE3}.Release|Any CPU.ActiveCfg = Release|Any CPU
		{8AB4C7DB-02DB-4D5F-AD99-3610E9528CE3}.Release|Any CPU.Build.0 = Release|Any CPU
		{7746C059-DA11-4495-879E-089287D99D12}.Debug|Any CPU.ActiveCfg = Debug|Any CPU
		{7746C059-DA11-4495-879E-089287D99D12}.Debug|Any CPU.Build.0 = Debug|Any CPU
		{7746C059-DA11-4495-879E-089287D99D12}.Release|Any CPU.ActiveCfg = Release|Any CPU
		{7746C059-DA11-4495-879E-089287D99D12}.Release|Any CPU.Build.0 = Release|Any CPU
		{E5208EF8-FCAA-486D-AB86-D2EF3FCADBE5}.Debug|Any CPU.ActiveCfg = Debug|Any CPU
		{E5208EF8-FCAA-486D-AB86-D2EF3FCADBE5}.Debug|Any CPU.Build.0 = Debug|Any CPU
		{E5208EF8-FCAA-486D-AB86-D2EF3FCADBE5}.Release|Any CPU.ActiveCfg = Release|Any CPU
		{E5208EF8-FCAA-486D-AB86-D2EF3FCADBE5}.Release|Any CPU.Build.0 = Release|Any CPU
	EndGlobalSection
	GlobalSection(SolutionProperties) = preSolution
		HideSolutionNode = FALSE
	EndGlobalSection
	GlobalSection(ExtensibilityGlobals) = postSolution
		SolutionGuid = {304D0C0B-663E-4BEC-8378-466CB7F3B7B7}
	EndGlobalSection
EndGlobal
